
Microsoft Visual Studio Solution File, Format Version 12.00
# Visual Studio Version 16
VisualStudioVersion = 16.0.34031.81
MinimumVisualStudioVersion = 10.0.40219.1
Project("{FAE04EC0-301F-11D3-BF4B-00C04F79EFBC}") = "dsaproject_hashing", "dsaproject_hashing.csproj", "{82D06A04-5B4F-4811-9B9D-FE04F9F7B86E}"
EndProject
Global
	GlobalSection(SolutionConfigurationPlatforms) = preSolution
		Debug|Any CPU = Debug|Any CPU
		Release|Any CPU = Release|Any CPU
	EndGlobalSection
	GlobalSection(ProjectConfigurationPlatforms) = postSolution
		{82D06A04-5B4F-4811-9B9D-FE04F9F7B86E}.Debug|Any CPU.ActiveCfg = Debug|Any CPU
		{82D06A04-5B4F-4811-9B9D-FE04F9F7B86E}.Debug|Any CPU.Build.0 = Debug|Any CPU
		{82D06A04-5B4F-4811-9B9D-FE04F9F7B86E}.Release|Any CPU.ActiveCfg = Release|Any CPU
		{82D06A04-5B4F-4811-9B9D-FE04F9F7B86E}.Release|Any CPU.Build.0 = Release|Any CPU
	EndGlobalSection
	GlobalSection(SolutionProperties) = preSolution
		HideSolutionNode = FALSE
	EndGlobalSection
	GlobalSection(ExtensibilityGlobals) = postSolution
		SolutionGuid = {2A184787-C931-472F-9674-D976272A8674}
	EndGlobalSection
EndGlobal
